
Microsoft Visual Studio Solution File, Format Version 12.00
# Visual Studio Version 17
VisualStudioVersion = 17.3.32804.467
MinimumVisualStudioVersion = 10.0.40219.1
Project("{FAE04EC0-301F-11D3-BF4B-00C04F79EFBC}") = "YoutubeDownloader", "YoutubeDownloader\YoutubeDownloader.csproj", "{2C20DD5D-AE41-4DC8-B094-A7C34B46142F}"
EndProject
Global
	GlobalSection(SolutionConfigurationPlatforms) = preSolution
		Debug|Any CPU = Debug|Any CPU
		Release|Any CPU = Release|Any CPU
	EndGlobalSection
	GlobalSection(ProjectConfigurationPlatforms) = postSolution
		{2C20DD5D-AE41-4DC8-B094-A7C34B46142F}.Debug|Any CPU.ActiveCfg = Debug|Any CPU
		{2C20DD5D-AE41-4DC8-B094-A7C34B46142F}.Debug|Any CPU.Build.0 = Debug|Any CPU
		{2C20DD5D-AE41-4DC8-B094-A7C34B46142F}.Release|Any CPU.ActiveCfg = Release|Any CPU
		{2C20DD5D-AE41-4DC8-B094-A7C34B46142F}.Release|Any CPU.Build.0 = Release|Any CPU
	EndGlobalSection
	GlobalSection(SolutionProperties) = preSolution
		HideSolutionNode = FALSE
	EndGlobalSection
	GlobalSection(ExtensibilityGlobals) = postSolution
		SolutionGuid = {19CBA392-918A-4250-890F-AE4B97ADB7ED}
	EndGlobalSection
EndGlobal
